%{"cowboy": {:git, "git://github.com/extend/cowboy.git", "ee3ad5e51005b453230804036e092e1d2ceebe4f", []},
  "cowlib": {:git, "git://github.com/extend/cowlib.git", "e2ffefe828b918486e2cd76e44c54ae9b62c616e", [ref: "0.6.2"]},
  "emysql": {:git, "git://github.com/Eonblast/Emysql.git", "c7e2103f8b737667f0128802e8de2f0d5ed2fa5c", []},
  "plug": {:git, "git://github.com/elixir-lang/plug.git", "40d0a16e469c9b17c4fb48a225f711f75fb9354c", [tag: "v0.5.2"]},
  "ranch": {:git, "git://github.com/extend/ranch.git", "3189ef2d47843945efc96c224963380462c33d40", [ref: "0.10.0"]}}
